
Microsoft Visual Studio Solution File, Format Version 12.00
# Visual Studio for Mac
Project("{FAE04EC0-301F-11D3-BF4B-00C04F79EFBC}") = "Project-thurst", "Project-thurst.csproj", "{0BAB0E91-A941-4E0B-C2EC-EC7B2128BEE8}"
EndProject
Project("{FAE04EC0-301F-11D3-BF4B-00C04F79EFBC}") = "Project-thurst.Plugins", "Project-thurst.Plugins.csproj", "{7C49427B-B947-7EF2-D897-BB7C792B88A8}"
EndProject
Project("{FAE04EC0-301F-11D3-BF4B-00C04F79EFBC}") = "Project-thurst.Editor.Plugins", "Project-thurst.Editor.Plugins.csproj", "{194787C8-5517-1129-D9A5-8BB1280E3FE6}"
EndProject
Project("{FAE04EC0-301F-11D3-BF4B-00C04F79EFBC}") = "Project-thurst.Editor", "Project-thurst.Editor.csproj", "{C17880C8-7F21-DAC5-ADDD-4F26F9E0BC86}"
EndProject
Global
	GlobalSection(SolutionConfigurationPlatforms) = preSolution
		Debug|Any CPU = Debug|Any CPU
		Release|Any CPU = Release|Any CPU
	EndGlobalSection
	GlobalSection(ProjectConfigurationPlatforms) = postSolution
		{0BAB0E91-A941-4E0B-C2EC-EC7B2128BEE8}.Debug|Any CPU.ActiveCfg = Debug|Any CPU
		{0BAB0E91-A941-4E0B-C2EC-EC7B2128BEE8}.Debug|Any CPU.Build.0 = Debug|Any CPU
		{0BAB0E91-A941-4E0B-C2EC-EC7B2128BEE8}.Release|Any CPU.ActiveCfg = Release|Any CPU
		{0BAB0E91-A941-4E0B-C2EC-EC7B2128BEE8}.Release|Any CPU.Build.0 = Release|Any CPU
		{7C49427B-B947-7EF2-D897-BB7C792B88A8}.Debug|Any CPU.ActiveCfg = Debug|Any CPU
		{7C49427B-B947-7EF2-D897-BB7C792B88A8}.Debug|Any CPU.Build.0 = Debug|Any CPU
		{7C49427B-B947-7EF2-D897-BB7C792B88A8}.Release|Any CPU.ActiveCfg = Release|Any CPU
		{7C49427B-B947-7EF2-D897-BB7C792B88A8}.Release|Any CPU.Build.0 = Release|Any CPU
		{194787C8-5517-1129-D9A5-8BB1280E3FE6}.Debug|Any CPU.ActiveCfg = Debug|Any CPU
		{194787C8-5517-1129-D9A5-8BB1280E3FE6}.Debug|Any CPU.Build.0 = Debug|Any CPU
		{194787C8-5517-1129-D9A5-8BB1280E3FE6}.Release|Any CPU.ActiveCfg = Release|Any CPU
		{194787C8-5517-1129-D9A5-8BB1280E3FE6}.Release|Any CPU.Build.0 = Release|Any CPU
		{C17880C8-7F21-DAC5-ADDD-4F26F9E0BC86}.Debug|Any CPU.ActiveCfg = Debug|Any CPU
		{C17880C8-7F21-DAC5-ADDD-4F26F9E0BC86}.Debug|Any CPU.Build.0 = Debug|Any CPU
		{C17880C8-7F21-DAC5-ADDD-4F26F9E0BC86}.Release|Any CPU.ActiveCfg = Release|Any CPU
		{C17880C8-7F21-DAC5-ADDD-4F26F9E0BC86}.Release|Any CPU.Build.0 = Release|Any CPU
	EndGlobalSection
	GlobalSection(SolutionProperties) = preSolution
		HideSolutionNode = FALSE
	EndGlobalSection
EndGlobal
